
Microsoft Visual Studio Solution File, Format Version 12.00
# Visual Studio Version 17
VisualStudioVersion = 17.0.32112.339
MinimumVisualStudioVersion = 10.0.40219.1
Project("{9A19103F-16F7-4668-BE54-9A1E7A4F7556}") = "WebSpiderStuff", "WebSpiderStuff\WebSpiderStuff.csproj", "{B5B530D7-12EA-4D73-912C-28726616C4D9}"
EndProject
Project("{9A19103F-16F7-4668-BE54-9A1E7A4F7556}") = "Krice8989", "ConsoleApp1\Krice8989.csproj", "{091B2399-6441-4F57-9A40-79BE782F501A}"
EndProject
Project("{9A19103F-16F7-4668-BE54-9A1E7A4F7556}") = "BlazorNETUG", "BlazorNETUG\BlazorNETUG.csproj", "{06A4991D-1363-4E1D-A50E-DFBCED4D1021}"
EndProject
Project("{9A19103F-16F7-4668-BE54-9A1E7A4F7556}") = "ConsoleTest", "ConsoleTest\ConsoleTest.csproj", "{50338855-30BF-4C23-84D8-C66F319CF4B0}"
EndProject
Project("{9A19103F-16F7-4668-BE54-9A1E7A4F7556}") = "TodoAPI", "TodoAPI\TodoAPI.csproj", "{535A6C89-3080-4922-8565-27B872D0E57A}"
EndProject
Project("{9A19103F-16F7-4668-BE54-9A1E7A4F7556}") = "MapperTest", "MapperTest\MapperTest.csproj", "{8AE899FB-D8DC-4E83-8AE5-98279021564E}"
EndProject
Project("{9A19103F-16F7-4668-BE54-9A1E7A4F7556}") = "TaskTesting", "TaskTesting\TaskTesting.csproj", "{DB2E4BEE-6C67-4E16-A4C3-DD0345B525E0}"
EndProject
Project("{9A19103F-16F7-4668-BE54-9A1E7A4F7556}") = "FactoryPattern", "FactoryPattern\FactoryPattern.csproj", "{5D3B862D-73E7-44AE-8FDB-F4A595BEDA02}"
EndProject
Project("{9A19103F-16F7-4668-BE54-9A1E7A4F7556}") = "WINFORMSTESTA", "WINFORMSTESTA\WINFORMSTESTA.csproj", "{623E3081-B4BB-4AE8-9312-B81FF2565EF5}"
EndProject
Project("{9A19103F-16F7-4668-BE54-9A1E7A4F7556}") = "xUnitIntro", "xUnitIntro\xUnitIntro.csproj", "{197982A9-16AC-4AA8-AC53-27D880811AC0}"
EndProject
Project("{9A19103F-16F7-4668-BE54-9A1E7A4F7556}") = "Something", "Something\Something.csproj", "{47156E21-F215-4902-B467-DC6FEF77F286}"
EndProject
Project("{9A19103F-16F7-4668-BE54-9A1E7A4F7556}") = "GenericHost", "GenericHost\GenericHost.csproj", "{2E5CC1F8-F10E-474B-80CC-D714897774E5}"
EndProject
Project("{9A19103F-16F7-4668-BE54-9A1E7A4F7556}") = "WorkerService1", "WorkerService1\WorkerService1.csproj", "{E7340A8B-AC05-4CDF-B6DA-72E6EF55BBF7}"
EndProject
Project("{9A19103F-16F7-4668-BE54-9A1E7A4F7556}") = "ConsoleApp2", "ConsoleApp2\ConsoleApp2.csproj", "{418BA435-7B22-4746-9F93-82D367E02F23}"
EndProject
Project("{9A19103F-16F7-4668-BE54-9A1E7A4F7556}") = "ConsoleDIExample", "ConsoleDIExample\ConsoleDIExample.csproj", "{0E02498A-3F56-422C-B2F2-3361F07EB9C7}"
EndProject
Project("{FAE04EC0-301F-11D3-BF4B-00C04F79EFBC}") = "Simple DI", "Simple DI\Simple DI.csproj", "{D06E5D1A-4AF3-47AB-8821-DBAD744CB318}"
EndProject
Global
	GlobalSection(SolutionConfigurationPlatforms) = preSolution
		Debug|Any CPU = Debug|Any CPU
		Release|Any CPU = Release|Any CPU
	EndGlobalSection
	GlobalSection(ProjectConfigurationPlatforms) = postSolution
		{B5B530D7-12EA-4D73-912C-28726616C4D9}.Debug|Any CPU.ActiveCfg = Debug|Any CPU
		{B5B530D7-12EA-4D73-912C-28726616C4D9}.Debug|Any CPU.Build.0 = Debug|Any CPU
		{B5B530D7-12EA-4D73-912C-28726616C4D9}.Release|Any CPU.ActiveCfg = Release|Any CPU
		{B5B530D7-12EA-4D73-912C-28726616C4D9}.Release|Any CPU.Build.0 = Release|Any CPU
		{091B2399-6441-4F57-9A40-79BE782F501A}.Debug|Any CPU.ActiveCfg = Debug|Any CPU
		{091B2399-6441-4F57-9A40-79BE782F501A}.Debug|Any CPU.Build.0 = Debug|Any CPU
		{091B2399-6441-4F57-9A40-79BE782F501A}.Release|Any CPU.ActiveCfg = Release|Any CPU
		{091B2399-6441-4F57-9A40-79BE782F501A}.Release|Any CPU.Build.0 = Release|Any CPU
		{06A4991D-1363-4E1D-A50E-DFBCED4D1021}.Debug|Any CPU.ActiveCfg = Debug|Any CPU
		{06A4991D-1363-4E1D-A50E-DFBCED4D1021}.Debug|Any CPU.Build.0 = Debug|Any CPU
		{06A4991D-1363-4E1D-A50E-DFBCED4D1021}.Release|Any CPU.ActiveCfg = Release|Any CPU
		{06A4991D-1363-4E1D-A50E-DFBCED4D1021}.Release|Any CPU.Build.0 = Release|Any CPU
		{50338855-30BF-4C23-84D8-C66F319CF4B0}.Debug|Any CPU.ActiveCfg = Debug|Any CPU
		{50338855-30BF-4C23-84D8-C66F319CF4B0}.Debug|Any CPU.Build.0 = Debug|Any CPU
		{50338855-30BF-4C23-84D8-C66F319CF4B0}.Release|Any CPU.ActiveCfg = Release|Any CPU
		{50338855-30BF-4C23-84D8-C66F319CF4B0}.Release|Any CPU.Build.0 = Release|Any CPU
		{535A6C89-3080-4922-8565-27B872D0E57A}.Debug|Any CPU.ActiveCfg = Debug|Any CPU
		{535A6C89-3080-4922-8565-27B872D0E57A}.Debug|Any CPU.Build.0 = Debug|Any CPU
		{535A6C89-3080-4922-8565-27B872D0E57A}.Release|Any CPU.ActiveCfg = Release|Any CPU
		{535A6C89-3080-4922-8565-27B872D0E57A}.Release|Any CPU.Build.0 = Release|Any CPU
		{8AE899FB-D8DC-4E83-8AE5-98279021564E}.Debug|Any CPU.ActiveCfg = Debug|Any CPU
		{8AE899FB-D8DC-4E83-8AE5-98279021564E}.Debug|Any CPU.Build.0 = Debug|Any CPU
		{8AE899FB-D8DC-4E83-8AE5-98279021564E}.Release|Any CPU.ActiveCfg = Release|Any CPU
		{8AE899FB-D8DC-4E83-8AE5-98279021564E}.Release|Any CPU.Build.0 = Release|Any CPU
		{DB2E4BEE-6C67-4E16-A4C3-DD0345B525E0}.Debug|Any CPU.ActiveCfg = Debug|Any CPU
		{DB2E4BEE-6C67-4E16-A4C3-DD0345B525E0}.Debug|Any CPU.Build.0 = Debug|Any CPU
		{DB2E4BEE-6C67-4E16-A4C3-DD0345B525E0}.Release|Any CPU.ActiveCfg = Release|Any CPU
		{DB2E4BEE-6C67-4E16-A4C3-DD0345B525E0}.Release|Any CPU.Build.0 = Release|Any CPU
		{5D3B862D-73E7-44AE-8FDB-F4A595BEDA02}.Debug|Any CPU.ActiveCfg = Debug|Any CPU
		{5D3B862D-73E7-44AE-8FDB-F4A595BEDA02}.Debug|Any CPU.Build.0 = Debug|Any CPU
		{5D3B862D-73E7-44AE-8FDB-F4A595BEDA02}.Release|Any CPU.ActiveCfg = Release|Any CPU
		{5D3B862D-73E7-44AE-8FDB-F4A595BEDA02}.Release|Any CPU.Build.0 = Release|Any CPU
		{623E3081-B4BB-4AE8-9312-B81FF2565EF5}.Debug|Any CPU.ActiveCfg = Debug|Any CPU
		{623E3081-B4BB-4AE8-9312-B81FF2565EF5}.Debug|Any CPU.Build.0 = Debug|Any CPU
		{623E3081-B4BB-4AE8-9312-B81FF2565EF5}.Release|Any CPU.ActiveCfg = Release|Any CPU
		{623E3081-B4BB-4AE8-9312-B81FF2565EF5}.Release|Any CPU.Build.0 = Release|Any CPU
		{197982A9-16AC-4AA8-AC53-27D880811AC0}.Debug|Any CPU.ActiveCfg = Debug|Any CPU
		{197982A9-16AC-4AA8-AC53-27D880811AC0}.Debug|Any CPU.Build.0 = Debug|Any CPU
		{197982A9-16AC-4AA8-AC53-27D880811AC0}.Release|Any CPU.ActiveCfg = Release|Any CPU
		{197982A9-16AC-4AA8-AC53-27D880811AC0}.Release|Any CPU.Build.0 = Release|Any CPU
		{47156E21-F215-4902-B467-DC6FEF77F286}.Debug|Any CPU.ActiveCfg = Debug|Any CPU
		{47156E21-F215-4902-B467-DC6FEF77F286}.Debug|Any CPU.Build.0 = Debug|Any CPU
		{47156E21-F215-4902-B467-DC6FEF77F286}.Release|Any CPU.ActiveCfg = Release|Any CPU
		{47156E21-F215-4902-B467-DC6FEF77F286}.Release|Any CPU.Build.0 = Release|Any CPU
		{2E5CC1F8-F10E-474B-80CC-D714897774E5}.Debug|Any CPU.ActiveCfg = Debug|Any CPU
		{2E5CC1F8-F10E-474B-80CC-D714897774E5}.Debug|Any CPU.Build.0 = Debug|Any CPU
		{2E5CC1F8-F10E-474B-80CC-D714897774E5}.Release|Any CPU.ActiveCfg = Release|Any CPU
		{2E5CC1F8-F10E-474B-80CC-D714897774E5}.Release|Any CPU.Build.0 = Release|Any CPU
		{E7340A8B-AC05-4CDF-B6DA-72E6EF55BBF7}.Debug|Any CPU.ActiveCfg = Debug|Any CPU
		{E7340A8B-AC05-4CDF-B6DA-72E6EF55BBF7}.Debug|Any CPU.Build.0 = Debug|Any CPU
		{E7340A8B-AC05-4CDF-B6DA-72E6EF55BBF7}.Release|Any CPU.ActiveCfg = Release|Any CPU
		{E7340A8B-AC05-4CDF-B6DA-72E6EF55BBF7}.Release|Any CPU.Build.0 = Release|Any CPU
		{418BA435-7B22-4746-9F93-82D367E02F23}.Debug|Any CPU.ActiveCfg = Debug|Any CPU
		{418BA435-7B22-4746-9F93-82D367E02F23}.Debug|Any CPU.Build.0 = Debug|Any CPU
		{418BA435-7B22-4746-9F93-82D367E02F23}.Release|Any CPU.ActiveCfg = Release|Any CPU
		{418BA435-7B22-4746-9F93-82D367E02F23}.Release|Any CPU.Build.0 = Release|Any CPU
		{0E02498A-3F56-422C-B2F2-3361F07EB9C7}.Debug|Any CPU.ActiveCfg = Debug|Any CPU
		{0E02498A-3F56-422C-B2F2-3361F07EB9C7}.Debug|Any CPU.Build.0 = Debug|Any CPU
		{0E02498A-3F56-422C-B2F2-3361F07EB9C7}.Release|Any CPU.ActiveCfg = Release|Any CPU
		{0E02498A-3F56-422C-B2F2-3361F07EB9C7}.Release|Any CPU.Build.0 = Release|Any CPU
		{D06E5D1A-4AF3-47AB-8821-DBAD744CB318}.Debug|Any CPU.ActiveCfg = Debug|Any CPU
		{D06E5D1A-4AF3-47AB-8821-DBAD744CB318}.Debug|Any CPU.Build.0 = Debug|Any CPU
		{D06E5D1A-4AF3-47AB-8821-DBAD744CB318}.Release|Any CPU.ActiveCfg = Release|Any CPU
		{D06E5D1A-4AF3-47AB-8821-DBAD744CB318}.Release|Any CPU.Build.0 = Release|Any CPU
	EndGlobalSection
	GlobalSection(SolutionProperties) = preSolution
		HideSolutionNode = FALSE
	EndGlobalSection
	GlobalSection(ExtensibilityGlobals) = postSolution
		SolutionGuid = {4CF88487-2966-4272-BB31-6239BE48324E}
	EndGlobalSection
EndGlobal
