
Microsoft Visual Studio Solution File, Format Version 12.00
# Visual Studio Version 16
VisualStudioVersion = 16.0.30717.126
MinimumVisualStudioVersion = 10.0.40219.1
Project("{9A19103F-16F7-4668-BE54-9A1E7A4F7556}") = "WebSpiderStuff", "WebSpiderStuff\WebSpiderStuff.csproj", "{B5B530D7-12EA-4D73-912C-28726616C4D9}"
EndProject
Project("{9A19103F-16F7-4668-BE54-9A1E7A4F7556}") = "Krice8989", "ConsoleApp1\Krice8989.csproj", "{091B2399-6441-4F57-9A40-79BE782F501A}"
EndProject
Project("{9A19103F-16F7-4668-BE54-9A1E7A4F7556}") = "BlazorNETUG", "BlazorNETUG\BlazorNETUG.csproj", "{06A4991D-1363-4E1D-A50E-DFBCED4D1021}"
EndProject
Global
	GlobalSection(SolutionConfigurationPlatforms) = preSolution
		Debug|Any CPU = Debug|Any CPU
		Release|Any CPU = Release|Any CPU
	EndGlobalSection
	GlobalSection(ProjectConfigurationPlatforms) = postSolution
		{B5B530D7-12EA-4D73-912C-28726616C4D9}.Debug|Any CPU.ActiveCfg = Debug|Any CPU
		{B5B530D7-12EA-4D73-912C-28726616C4D9}.Debug|Any CPU.Build.0 = Debug|Any CPU
		{B5B530D7-12EA-4D73-912C-28726616C4D9}.Release|Any CPU.ActiveCfg = Release|Any CPU
		{B5B530D7-12EA-4D73-912C-28726616C4D9}.Release|Any CPU.Build.0 = Release|Any CPU
		{091B2399-6441-4F57-9A40-79BE782F501A}.Debug|Any CPU.ActiveCfg = Debug|Any CPU
		{091B2399-6441-4F57-9A40-79BE782F501A}.Debug|Any CPU.Build.0 = Debug|Any CPU
		{091B2399-6441-4F57-9A40-79BE782F501A}.Release|Any CPU.ActiveCfg = Release|Any CPU
		{091B2399-6441-4F57-9A40-79BE782F501A}.Release|Any CPU.Build.0 = Release|Any CPU
		{06A4991D-1363-4E1D-A50E-DFBCED4D1021}.Debug|Any CPU.ActiveCfg = Debug|Any CPU
		{06A4991D-1363-4E1D-A50E-DFBCED4D1021}.Debug|Any CPU.Build.0 = Debug|Any CPU
		{06A4991D-1363-4E1D-A50E-DFBCED4D1021}.Release|Any CPU.ActiveCfg = Release|Any CPU
		{06A4991D-1363-4E1D-A50E-DFBCED4D1021}.Release|Any CPU.Build.0 = Release|Any CPU
	EndGlobalSection
	GlobalSection(SolutionProperties) = preSolution
		HideSolutionNode = FALSE
	EndGlobalSection
	GlobalSection(ExtensibilityGlobals) = postSolution
		SolutionGuid = {4CF88487-2966-4272-BB31-6239BE48324E}
	EndGlobalSection
EndGlobal
